
Microsoft Visual Studio Solution File, Format Version 12.00
# Visual Studio Version 17
VisualStudioVersion = 17.2.32630.192
MinimumVisualStudioVersion = 10.0.40219.1
Project("{9A19103F-16F7-4668-BE54-9A1E7A4F7556}") = "UBIST_COLLECTOR", "UBIST_COLLECTOR\UBIST_COLLECTOR.csproj", "{CCC4FAE4-BC99-4855-B11E-29172A06CDF0}"
EndProject
Global
	GlobalSection(SolutionConfigurationPlatforms) = preSolution
		Debug|Any CPU = Debug|Any CPU
		Release|Any CPU = Release|Any CPU
	EndGlobalSection
	GlobalSection(ProjectConfigurationPlatforms) = postSolution
		{CCC4FAE4-BC99-4855-B11E-29172A06CDF0}.Debug|Any CPU.ActiveCfg = Debug|Any CPU
		{CCC4FAE4-BC99-4855-B11E-29172A06CDF0}.Debug|Any CPU.Build.0 = Debug|Any CPU
		{CCC4FAE4-BC99-4855-B11E-29172A06CDF0}.Release|Any CPU.ActiveCfg = Release|Any CPU
		{CCC4FAE4-BC99-4855-B11E-29172A06CDF0}.Release|Any CPU.Build.0 = Release|Any CPU
	EndGlobalSection
	GlobalSection(SolutionProperties) = preSolution
		HideSolutionNode = FALSE
	EndGlobalSection
	GlobalSection(ExtensibilityGlobals) = postSolution
		SolutionGuid = {8C045621-7E7E-4A33-A1BB-859F1EBBDC9C}
	EndGlobalSection
EndGlobal
