
Microsoft Visual Studio Solution File, Format Version 12.00
# Visual Studio Version 17
VisualStudioVersion = 17.0.31717.71
MinimumVisualStudioVersion = 10.0.40219.1
Project("{9A19103F-16F7-4668-BE54-9A1E7A4F7556}") = "UBIST_COLLECTOR", "UBIST_COLLECTOR.csproj", "{7E0D3D9B-9AB1-40A8-9A87-8D7CC1C5C75D}"
EndProject
Global
	GlobalSection(SolutionConfigurationPlatforms) = preSolution
		Debug|Any CPU = Debug|Any CPU
		Release|Any CPU = Release|Any CPU
	EndGlobalSection
	GlobalSection(ProjectConfigurationPlatforms) = postSolution
		{7E0D3D9B-9AB1-40A8-9A87-8D7CC1C5C75D}.Debug|Any CPU.ActiveCfg = Debug|Any CPU
		{7E0D3D9B-9AB1-40A8-9A87-8D7CC1C5C75D}.Debug|Any CPU.Build.0 = Debug|Any CPU
		{7E0D3D9B-9AB1-40A8-9A87-8D7CC1C5C75D}.Release|Any CPU.ActiveCfg = Release|Any CPU
		{7E0D3D9B-9AB1-40A8-9A87-8D7CC1C5C75D}.Release|Any CPU.Build.0 = Release|Any CPU
	EndGlobalSection
	GlobalSection(SolutionProperties) = preSolution
		HideSolutionNode = FALSE
	EndGlobalSection
	GlobalSection(ExtensibilityGlobals) = postSolution
		SolutionGuid = {FFB2FDEE-891A-4807-829F-92C403A907D4}
	EndGlobalSection
EndGlobal